
Microsoft Visual Studio Solution File, Format Version 12.00
# Visual Studio Version 16
VisualStudioVersion = 16.0.31613.86
MinimumVisualStudioVersion = 10.0.40219.1
Project("{FAE04EC0-301F-11D3-BF4B-00C04F79EFBC}") = "StudentLibrary", "StudentLibrary\StudentLibrary.csproj", "{CE3D24E4-6E32-4721-9D53-0B0B8E167065}"
EndProject
Project("{FAE04EC0-301F-11D3-BF4B-00C04F79EFBC}") = "StudentLibrary.Tests", "StudentLibrary.Tests\StudentLibrary.Tests.csproj", "{F527CF39-F922-40D9-8371-2142477C914F}"
EndProject
Global
	GlobalSection(SolutionConfigurationPlatforms) = preSolution
		Debug|Any CPU = Debug|Any CPU
		Release|Any CPU = Release|Any CPU
	EndGlobalSection
	GlobalSection(ProjectConfigurationPlatforms) = postSolution
		{CE3D24E4-6E32-4721-9D53-0B0B8E167065}.Debug|Any CPU.ActiveCfg = Debug|Any CPU
		{CE3D24E4-6E32-4721-9D53-0B0B8E167065}.Debug|Any CPU.Build.0 = Debug|Any CPU
		{CE3D24E4-6E32-4721-9D53-0B0B8E167065}.Release|Any CPU.ActiveCfg = Release|Any CPU
		{CE3D24E4-6E32-4721-9D53-0B0B8E167065}.Release|Any CPU.Build.0 = Release|Any CPU
		{F527CF39-F922-40D9-8371-2142477C914F}.Debug|Any CPU.ActiveCfg = Debug|Any CPU
		{F527CF39-F922-40D9-8371-2142477C914F}.Debug|Any CPU.Build.0 = Debug|Any CPU
		{F527CF39-F922-40D9-8371-2142477C914F}.Release|Any CPU.ActiveCfg = Release|Any CPU
		{F527CF39-F922-40D9-8371-2142477C914F}.Release|Any CPU.Build.0 = Release|Any CPU
	EndGlobalSection
	GlobalSection(SolutionProperties) = preSolution
		HideSolutionNode = FALSE
	EndGlobalSection
	GlobalSection(ExtensibilityGlobals) = postSolution
		SolutionGuid = {0D40AF19-1F0A-4C92-9A45-D0F36CBAC42A}
	EndGlobalSection
EndGlobal
